
Microsoft Visual Studio Solution File, Format Version 12.00
# Visual Studio 14
VisualStudioVersion = 14.0.25420.1
MinimumVisualStudioVersion = 10.0.40219.1
Project("{2150E333-8FDC-42A3-9474-1A3956D46DE8}") = "src", "src", "{22ABAA01-7532-4E72-93DF-CC1A7F31A73B}"
EndProject
Project("{2150E333-8FDC-42A3-9474-1A3956D46DE8}") = "Solution Items", "Solution Items", "{92C9292A-32FB-44FD-8668-34C7A50705E7}"
	ProjectSection(SolutionItems) = preProject
		global.json = global.json
	EndProjectSection
EndProject
Project("{8BB2217D-0F2D-49D1-97BC-3654ED321F3B}") = "EfCoreUnitTest_Test", "src\EfCoreUnitTest_Test\EfCoreUnitTest_Test.xproj", "{C07589EF-6985-4FD4-A7C5-B6DAEF325924}"
EndProject
Project("{8BB2217D-0F2D-49D1-97BC-3654ED321F3B}") = "Core.Entities", "src\Core.Entities\Core.Entities.xproj", "{73C94318-AA61-4A2E-BD09-3516FEA61FC4}"
EndProject
Project("{8BB2217D-0F2D-49D1-97BC-3654ED321F3B}") = "UnitTests", "src\UnitTests\UnitTests.xproj", "{CE070359-5A6D-4661-B392-20D42F9A65DC}"
EndProject
Global
	GlobalSection(SolutionConfigurationPlatforms) = preSolution
		Debug|Any CPU = Debug|Any CPU
		Release|Any CPU = Release|Any CPU
	EndGlobalSection
	GlobalSection(ProjectConfigurationPlatforms) = postSolution
		{C07589EF-6985-4FD4-A7C5-B6DAEF325924}.Debug|Any CPU.ActiveCfg = Debug|Any CPU
		{C07589EF-6985-4FD4-A7C5-B6DAEF325924}.Debug|Any CPU.Build.0 = Debug|Any CPU
		{C07589EF-6985-4FD4-A7C5-B6DAEF325924}.Release|Any CPU.ActiveCfg = Release|Any CPU
		{C07589EF-6985-4FD4-A7C5-B6DAEF325924}.Release|Any CPU.Build.0 = Release|Any CPU
		{73C94318-AA61-4A2E-BD09-3516FEA61FC4}.Debug|Any CPU.ActiveCfg = Debug|Any CPU
		{73C94318-AA61-4A2E-BD09-3516FEA61FC4}.Debug|Any CPU.Build.0 = Debug|Any CPU
		{73C94318-AA61-4A2E-BD09-3516FEA61FC4}.Release|Any CPU.ActiveCfg = Release|Any CPU
		{73C94318-AA61-4A2E-BD09-3516FEA61FC4}.Release|Any CPU.Build.0 = Release|Any CPU
		{CE070359-5A6D-4661-B392-20D42F9A65DC}.Debug|Any CPU.ActiveCfg = Debug|Any CPU
		{CE070359-5A6D-4661-B392-20D42F9A65DC}.Debug|Any CPU.Build.0 = Debug|Any CPU
		{CE070359-5A6D-4661-B392-20D42F9A65DC}.Release|Any CPU.ActiveCfg = Release|Any CPU
		{CE070359-5A6D-4661-B392-20D42F9A65DC}.Release|Any CPU.Build.0 = Release|Any CPU
	EndGlobalSection
	GlobalSection(SolutionProperties) = preSolution
		HideSolutionNode = FALSE
	EndGlobalSection
	GlobalSection(NestedProjects) = preSolution
		{C07589EF-6985-4FD4-A7C5-B6DAEF325924} = {22ABAA01-7532-4E72-93DF-CC1A7F31A73B}
		{73C94318-AA61-4A2E-BD09-3516FEA61FC4} = {22ABAA01-7532-4E72-93DF-CC1A7F31A73B}
		{CE070359-5A6D-4661-B392-20D42F9A65DC} = {22ABAA01-7532-4E72-93DF-CC1A7F31A73B}
	EndGlobalSection
EndGlobal
